
Microsoft Visual Studio Solution File, Format Version 12.00
# Visual Studio Version 16
VisualStudioVersion = 16.0.31605.320
MinimumVisualStudioVersion = 10.0.40219.1
Project("{9A19103F-16F7-4668-BE54-9A1E7A4F7556}") = "WebApiCrud", "WebApiCrud\WebApiCrud.csproj", "{28B94634-ADE1-4195-9C16-66AC5DDC2B5C}"
EndProject
Project("{FAE04EC0-301F-11D3-BF4B-00C04F79EFBC}") = "WebApiCrud.Web", "WebApiCrud.Web\WebApiCrud.Web.csproj", "{DCC160B6-E132-4A8B-AB56-DCF8671BA984}"
EndProject
Global
	GlobalSection(SolutionConfigurationPlatforms) = preSolution
		Debug|Any CPU = Debug|Any CPU
		Release|Any CPU = Release|Any CPU
	EndGlobalSection
	GlobalSection(ProjectConfigurationPlatforms) = postSolution
		{28B94634-ADE1-4195-9C16-66AC5DDC2B5C}.Debug|Any CPU.ActiveCfg = Debug|Any CPU
		{28B94634-ADE1-4195-9C16-66AC5DDC2B5C}.Debug|Any CPU.Build.0 = Debug|Any CPU
		{28B94634-ADE1-4195-9C16-66AC5DDC2B5C}.Release|Any CPU.ActiveCfg = Release|Any CPU
		{28B94634-ADE1-4195-9C16-66AC5DDC2B5C}.Release|Any CPU.Build.0 = Release|Any CPU
		{DCC160B6-E132-4A8B-AB56-DCF8671BA984}.Debug|Any CPU.ActiveCfg = Debug|Any CPU
		{DCC160B6-E132-4A8B-AB56-DCF8671BA984}.Debug|Any CPU.Build.0 = Debug|Any CPU
		{DCC160B6-E132-4A8B-AB56-DCF8671BA984}.Release|Any CPU.ActiveCfg = Release|Any CPU
		{DCC160B6-E132-4A8B-AB56-DCF8671BA984}.Release|Any CPU.Build.0 = Release|Any CPU
	EndGlobalSection
	GlobalSection(SolutionProperties) = preSolution
		HideSolutionNode = FALSE
	EndGlobalSection
	GlobalSection(ExtensibilityGlobals) = postSolution
		SolutionGuid = {40F776B7-4B40-4186-900C-5A99292031D5}
	EndGlobalSection
EndGlobal
